<?xml version="1.0" encoding="utf-8"?>
<Project ToolsVersion="4.0" xmlns="http://schemas.microsoft.com/developer/msbuild/2003">
  <ItemGroup>
    <Filter Include="Source Files">
      <UniqueIdentifier>{a94c6b15-2cfe-4ac3-a765-b4634ef0e1f4}</UniqueIdentifier>
      <Extensions>cpp;c;cxx;rc;def;r;odl;idl;hpj;bat</Extensions>
    </Filter>
    <Filter Include="Header Files">
      <UniqueIdentifier>{ceaad425-b671-4c46-b82d-266fb358d2a2}</UniqueIdentifier>
      <Extensions>h;hpp;hxx;hm;inl</Extensions>
    </Filter>
    <Filter Include="Resource Files">
      <UniqueIdentifier>{5b8cb94b-2d17-44ca-8d75-b9777155c7aa}</UniqueIdentifier>
      <Extensions>ico;cur;bmp;dlg;rc2;rct;bin;rgs;gif;jpg;jpeg;jpe</Extensions>
    </Filter>
    <Filter Include="Generated">
      <UniqueIdentifier>{78058893-7806-49eb-af6b-81ed27f482da}</UniqueIdentifier>
    </Filter>
  </ItemGroup>
  <ItemGroup>
    <ClCompile Include="..\..\..\..\..\tests\test_crosslinks\CrossLinkTester.cpp">
      <Filter>Source Files</Filter>
    </ClCompile>
    <ClCompile Include="..\..\..\..\..\tests\test_crosslinks\test_CrossLinks.cpp">
      <Filter>Source Files</Filter>
    </ClCompile>
    <ClCompile Include="..\..\..\..\..\tests\test_crosslinks\testdata\CL.cpp">
      <Filter>Generated</Filter>
    </ClCompile>
    <ClCompile Include="..\..\..\..\..\tests\test_crosslinks\testdata\CLPackage.cpp">
      <Filter>Generated</Filter>
    </ClCompile>
    <ClCompile Include="..\..\..\..\..\tests\test_crosslinks\testdata\Package1.cpp">
      <Filter>Generated</Filter>
    </ClCompile>
    <ClCompile Include="..\..\..\..\..\tests\test_crosslinks\testdata\Package2.cpp">
      <Filter>Generated</Filter>
    </ClCompile>
  </ItemGroup>
  <ItemGroup>
    <ClInclude Include="..\..\..\..\..\tests\test_crosslinks\CrossLinkTester.h">
      <Filter>Header Files</Filter>
    </ClInclude>
    <ClInclude Include="..\..\..\..\..\tests\test_crosslinks\testdata\CL.h">
      <Filter>Generated</Filter>
    </ClInclude>
    <ClInclude Include="..\..\..\..\..\tests\test_crosslinks\testdata\CLPackage.h">
      <Filter>Generated</Filter>
    </ClInclude>
    <ClInclude Include="..\..\..\..\..\tests\test_crosslinks\testdata\Package1.h">
      <Filter>Generated</Filter>
    </ClInclude>
    <ClInclude Include="..\..\..\..\..\tests\test_crosslinks\testdata\Package2.h">
      <Filter>Generated</Filter>
    </ClInclude>
  </ItemGroup>
  <ItemGroup>
    <xme2mga Include="..\..\..\..\..\tests\test_crosslinks\testdata\CL_uml.xme" />
  </ItemGroup>
  <ItemGroup>
    <mga2udmudm Include="..\..\..\..\..\tests\test_crosslinks\testdata\CL_uml.mga">
      <Filter>Generated</Filter>
    </mga2udmudm>
  </ItemGroup>
  <ItemGroup>
    <udm Include="..\..\..\..\..\tests\test_crosslinks\testdata\CL_udm.udm">
      <Filter>Generated</Filter>
    </udm>
  </ItemGroup>
</Project>