<?xml version="1.0" encoding="utf-8"?>
<Project ToolsVersion="4.0" xmlns="http://schemas.microsoft.com/developer/msbuild/2003">
  <ItemGroup>
    <Filter Include="Generated">
      <UniqueIdentifier>{af704551-f3a8-4953-9a49-bf5047baed16}</UniqueIdentifier>
    </Filter>
  </ItemGroup>
  <ItemGroup>
    <ClCompile Include="$(CliBridgeCppDir)\Udm_wrap.cpp">
      <Filter>Generated</Filter>
    </ClCompile>
    <ClCompile Include="$(CliBridgeCppDir)\UdmDom_wrap.cpp">
      <Filter>Generated</Filter>
    </ClCompile>
    <ClCompile Include="$(CliBridgeCppDir)\UdmGme_wrap.cpp">
      <Filter>Generated</Filter>
    </ClCompile>
    <ClCompile Include="$(CliBridgeCppDir)\UdmStatic_wrap.cpp">
      <Filter>Generated</Filter>
    </ClCompile>
    <ClCompile Include="$(CliBridgeCppDir)\Uml_wrap.cpp">
      <Filter>Generated</Filter>
    </ClCompile>
  </ItemGroup>
  <ItemGroup>
    <None Include="..\..\..\..\..\include\UdmCli.i" />
    <None Include="..\..\..\..\..\include\UdmException.i" />
  </ItemGroup>
  <ItemGroup>
    <CustomBuild Include="..\..\..\..\..\include\Udm.i" />
    <CustomBuild Include="..\..\..\..\..\include\UdmDom.i" />
    <CustomBuild Include="..\..\..\..\..\include\UdmGme.i" />
    <CustomBuild Include="..\..\..\..\..\include\UdmStatic.i" />
    <CustomBuild Include="..\..\..\..\..\include\Uml.i" />
  </ItemGroup>
</Project>
