<?xml version="1.0" encoding="utf-8"?>
<Project ToolsVersion="4.0" xmlns="http://schemas.microsoft.com/developer/msbuild/2003">
  <ItemGroup>
    <None Include="..\..\..\..\..\include\UdmCli.i" />
    <None Include="..\..\..\..\..\include\UdmException.i" />
    <None Include="$(CliBridgeCsDir)\Udm\Udm.cs" />
    <None Include="$(CliBridgeCsDir)\Uml\Uml.cs" />
    <None Include="$(CliBridgeCsDir)\UdmGme\UdmGme.cs" />
    <None Include="$(CliBridgeCsDir)\UdmDom\UdmDom.cs" />
    <None Include="$(CliBridgeCsDir)\UdmStatic\UdmStatic.cs" />
  </ItemGroup>
  <ItemGroup>
    <CustomBuild Include="..\..\..\..\..\include\Udm.i" />
    <CustomBuild Include="..\..\..\..\..\include\UdmDom.i" />
    <CustomBuild Include="..\..\..\..\..\include\UdmGme.i" />
    <CustomBuild Include="..\..\..\..\..\include\UdmStatic.i" />
    <CustomBuild Include="..\..\..\..\..\include\Uml.i" />
  </ItemGroup>
</Project>