<?xml version="1.0" encoding="utf-8"?>
<Project ToolsVersion="4.0" xmlns="http://schemas.microsoft.com/developer/msbuild/2003">
  <ItemGroup>
    <Filter Include="Header Files">
      <UniqueIdentifier>{dcddf1ef-7881-4eb5-9b76-81fa30f51662}</UniqueIdentifier>
      <Extensions>h;hpp;hxx;hm;inl</Extensions>
    </Filter>
    <Filter Include="Resource Files">
      <UniqueIdentifier>{8577eae3-8cdc-4f3d-acb8-6fe51ff1c539}</UniqueIdentifier>
      <Extensions>ico;cur;bmp;dlg;rc2;rct;bin;rgs;gif;jpg;jpeg;jpe</Extensions>
    </Filter>
    <Filter Include="Source Files">
      <UniqueIdentifier>{42f0cb51-5842-4901-a3d5-4ce9d09a522b}</UniqueIdentifier>
      <Extensions>cpp;c;cxx;rc;def;r;odl;idl;hpj;bat</Extensions>
    </Filter>
  </ItemGroup>
  <ItemGroup>
    <ClCompile Include="$(GME_ROOT)\sdk\bon\common\ComHelp.cpp">
      <Filter>Source Files</Filter>
    </ClCompile>
    <ClCompile Include="$(GME_ROOT)\sdk\bon\common\ComponentDll.cpp">
      <Filter>Source Files</Filter>
    </ClCompile>
    <ClCompile Include="$(GME_ROOT)\sdk\bon\common\ComponentObj.cpp">
      <Filter>Source Files</Filter>
    </ClCompile>
    <ClCompile Include="$(GME_ROOT)\sdk\bon\common\Console.cpp">
      <Filter>Source Files</Filter>
    </ClCompile>
    <ClCompile Include="$(GME_ROOT)\sdk\bon\common\Exceptions.cpp">
      <Filter>Source Files</Filter>
    </ClCompile>
    <ClCompile Include="$(GME_ROOT)\sdk\bon\common\Formatter.cpp">
      <Filter>Source Files</Filter>
    </ClCompile>
    <ClCompile Include="..\..\..\..\..\src\UML GME\Interpreter\AttributeObject.cpp">
      <Filter>Source Files</Filter>
    </ClCompile>
    <ClCompile Include="..\..\..\..\..\src\UML GME\Interpreter\CardinalityObject.cpp">
      <Filter>Source Files</Filter>
    </ClCompile>
    <ClCompile Include="..\..\..\..\..\src\UML GME\ExprChecker\GMECommon.cpp">
      <Filter>Source Files</Filter>
    </ClCompile>
    <ClCompile Include="..\..\..\..\..\src\UML GME\ExprChecker\GMESyntacticSemanticDialog.cpp">
      <Filter>Source Files</Filter>
    </ClCompile>
    <ClCompile Include="..\..\..\..\..\src\UML GME\ExprChecker\RawComponent.cpp">
      <Filter>Source Files</Filter>
    </ClCompile>
    <ClCompile Include="..\..\..\..\..\src\UML GME\ExprChecker\StdAfx.cpp">
      <Filter>Source Files</Filter>
    </ClCompile>
    <ClCompile Include="..\..\..\..\..\src\UML GME\Interpreter\StringBuffer.cpp">
      <Filter>Source Files</Filter>
    </ClCompile>
    <ClCompile Include="..\..\..\..\..\src\UML GME\ExprChecker\UMLConstraint.cpp">
      <Filter>Source Files</Filter>
    </ClCompile>
    <ClCompile Include="..\..\..\..\..\src\UML GME\ExprChecker\UMLFacade.cpp">
      <Filter>Source Files</Filter>
    </ClCompile>
    <ClCompile Include="..\..\..\..\..\src\UML GME\ExprChecker\UMLTypeEx.cpp">
      <Filter>Source Files</Filter>
    </ClCompile>
    <ClCompile Include="..\..\..\..\..\src\UML GME\OclParser.cpp">
      <Filter>Source Files</Filter>
    </ClCompile>
  </ItemGroup>
  <ItemGroup>
    <None Include="..\..\..\..\..\src\UML GME\ExprChecker\GmeOclExprChecker.def">
      <Filter>Source Files</Filter>
    </None>
    <None Include="..\..\..\..\..\src\UML GME\ExprChecker\CompIcon.ico">
      <Filter>Resource Files</Filter>
    </None>
    <None Include="..\..\..\..\..\src\UML GME\ExprChecker\constraint_icons.bmp">
      <Filter>Resource Files</Filter>
    </None>
    <None Include="..\..\..\..\..\src\UML GME\ExprChecker\error_icons.bmp">
      <Filter>Resource Files</Filter>
    </None>
    <None Include="..\..\..\..\..\src\UML GME\ExprChecker\line_icons.bmp">
      <Filter>Resource Files</Filter>
    </None>
    <None Include="..\..\..\..\..\src\UML GME\ExprChecker\warning.ico">
      <Filter>Resource Files</Filter>
    </None>
  </ItemGroup>
  <ItemGroup>
    <ResourceCompile Include="..\..\..\..\..\src\UML GME\ExprChecker\GmeOclExprChecker.rc">
      <Filter>Source Files</Filter>
    </ResourceCompile>
  </ItemGroup>
  <ItemGroup>
    <ClInclude Include="$(GME_ROOT)\sdk\bon\common\ComHelp.h">
      <Filter>Header Files</Filter>
    </ClInclude>
    <ClInclude Include="$(GME_ROOT)\sdk\bon\common\ComponentDll.h">
      <Filter>Header Files</Filter>
    </ClInclude>
    <ClInclude Include="$(GME_ROOT)\sdk\bon\common\ComponentObj.h">
      <Filter>Header Files</Filter>
    </ClInclude>
    <ClInclude Include="$(GME_ROOT)\sdk\bon\common\Console.h">
      <Filter>Header Files</Filter>
    </ClInclude>
    <ClInclude Include="$(GME_ROOT)\sdk\bon\common\Formatter.h">
      <Filter>Header Files</Filter>
    </ClInclude>
    <ClInclude Include="$(GME_ROOT)\sdk\bon\common\GMECOM.H">
      <Filter>Header Files</Filter>
    </ClInclude>
    <ClInclude Include="..\..\..\..\..\src\UML GME\Interpreter\AttributeObject.h">
      <Filter>Header Files</Filter>
    </ClInclude>
    <ClInclude Include="..\..\..\..\..\src\UML GME\Interpreter\CardinalityObject.h">
      <Filter>Header Files</Filter>
    </ClInclude>
    <ClInclude Include="..\..\..\..\..\src\UML GME\ExprChecker\ComponentConfig.h">
      <Filter>Header Files</Filter>
    </ClInclude>
    <ClInclude Include="..\..\..\..\..\src\UML GME\ExprChecker\GMECommon.h">
      <Filter>Header Files</Filter>
    </ClInclude>
    <ClInclude Include="..\..\..\..\..\src\UML GME\ExprChecker\GMESyntacticSemanticDialog.h">
      <Filter>Header Files</Filter>
    </ClInclude>
    <ClInclude Include="..\..\..\..\..\src\UML GME\ExprChecker\RawComponent.h">
      <Filter>Header Files</Filter>
    </ClInclude>
    <ClInclude Include="..\..\..\..\..\src\UML GME\ExprChecker\Resource.h">
      <Filter>Header Files</Filter>
    </ClInclude>
    <ClInclude Include="..\..\..\..\..\src\UML GME\ExprChecker\StdAfx.h">
      <Filter>Header Files</Filter>
    </ClInclude>
    <ClInclude Include="..\..\..\..\..\src\UML GME\Interpreter\StringBuffer.h">
      <Filter>Header Files</Filter>
    </ClInclude>
    <ClInclude Include="..\..\..\..\..\src\UML GME\ExprChecker\UMLConstraint.h">
      <Filter>Header Files</Filter>
    </ClInclude>
    <ClInclude Include="..\..\..\..\..\src\UML GME\ExprChecker\UMLFacade.h">
      <Filter>Header Files</Filter>
    </ClInclude>
    <ClInclude Include="..\..\..\..\..\src\UML GME\ExprChecker\UMLTypeEx.h">
      <Filter>Header Files</Filter>
    </ClInclude>
    <ClInclude Include="..\..\..\..\..\Build\Win32\VC10\Debug\obj\src\UML GME\Interpreter\Lattrib.hpp">
      <Filter>Header Files</Filter>
    </ClInclude>
    <ClInclude Include="..\..\..\..\..\Build\Win32\VC10\Release\obj\src\UML GME\Interpreter\Lattrib.hpp">
      <Filter>Header Files</Filter>
    </ClInclude>
    <ClInclude Include="..\..\..\..\..\Build\Win32\VC10\Debug\obj\src\UML GME\Interpreter\Lcardin.hpp">
      <Filter>Header Files</Filter>
    </ClInclude>
    <ClInclude Include="..\..\..\..\..\Build\Win32\VC10\Release\obj\src\UML GME\Interpreter\Lcardin.hpp">
      <Filter>Header Files</Filter>
    </ClInclude>
    <ClInclude Include="..\..\..\..\..\Build\Win32\VC10\Debug\obj\src\UML GME\Interpreter\Pattrib.hpp">
      <Filter>Header Files</Filter>
    </ClInclude>
    <ClInclude Include="..\..\..\..\..\Build\Win32\VC10\Release\obj\src\UML GME\Interpreter\Pattrib.hpp">
      <Filter>Header Files</Filter>
    </ClInclude>
    <ClInclude Include="..\..\..\..\..\Build\Win32\VC10\Debug\obj\src\UML GME\Interpreter\PattribTokenTypes.hpp">
      <Filter>Header Files</Filter>
    </ClInclude>
    <ClInclude Include="..\..\..\..\..\Build\Win32\VC10\Release\obj\src\UML GME\Interpreter\PattribTokenTypes.hpp">
      <Filter>Header Files</Filter>
    </ClInclude>
    <ClInclude Include="..\..\..\..\..\Build\Win32\VC10\Debug\obj\src\UML GME\Interpreter\Pcardin.hpp">
      <Filter>Header Files</Filter>
    </ClInclude>
    <ClInclude Include="..\..\..\..\..\Build\Win32\VC10\Release\obj\src\UML GME\Interpreter\Pcardin.hpp">
      <Filter>Header Files</Filter>
    </ClInclude>
    <ClInclude Include="..\..\..\..\..\Build\Win32\VC10\Debug\obj\src\UML GME\Interpreter\PcardinTokenTypes.hpp">
      <Filter>Header Files</Filter>
    </ClInclude>
    <ClInclude Include="..\..\..\..\..\Build\Win32\VC10\Release\obj\src\UML GME\Interpreter\PcardinTokenTypes.hpp">
      <Filter>Header Files</Filter>
    </ClInclude>
  </ItemGroup>
  <ItemGroup>
    <Midl Include="$(GME_ROOT)\SDK\BON\Common\ComponentLib.idl">
      <Filter>Source Files</Filter>
    </Midl>
  </ItemGroup>
</Project>