
Microsoft Visual Studio Solution File, Format Version 12.00
# Visual Studio Version 17
VisualStudioVersion = 17.3.32811.315
MinimumVisualStudioVersion = 10.0.40219.1
Project("{8BC9CEB8-8B4A-11D0-8D11-00A0C91BC942}") = "UdmPython311", "UdmPython311.vcxproj", "{55409968-F077-4A87-87D5-F28DB28181C2}"
EndProject
Global
	GlobalSection(SolutionConfigurationPlatforms) = preSolution
		Debug|x64 = Debug|x64
		Debug|x86 = Debug|x86
		Release|x64 = Release|x64
		Release|x86 = Release|x86
		Release27|x64 = Release27|x64
		Release27|x86 = Release27|x86
		Release33|x64 = Release33|x64
		Release33|x86 = Release33|x86
		ReleaseEnv|x64 = ReleaseEnv|x64
		ReleaseEnv|x86 = ReleaseEnv|x86
	EndGlobalSection
	GlobalSection(ProjectConfigurationPlatforms) = postSolution
		{55409968-F077-4A87-87D5-F28DB28181C2}.Debug|x64.ActiveCfg = Debug|x64
		{55409968-F077-4A87-87D5-F28DB28181C2}.Debug|x64.Build.0 = Debug|x64
		{55409968-F077-4A87-87D5-F28DB28181C2}.Debug|x86.ActiveCfg = Debug|Win32
		{55409968-F077-4A87-87D5-F28DB28181C2}.Debug|x86.Build.0 = Debug|Win32
		{55409968-F077-4A87-87D5-F28DB28181C2}.Release|x64.ActiveCfg = Release|x64
		{55409968-F077-4A87-87D5-F28DB28181C2}.Release|x64.Build.0 = Release|x64
		{55409968-F077-4A87-87D5-F28DB28181C2}.Release|x86.ActiveCfg = Release|Win32
		{55409968-F077-4A87-87D5-F28DB28181C2}.Release|x86.Build.0 = Release|Win32
		{55409968-F077-4A87-87D5-F28DB28181C2}.Release27|x64.ActiveCfg = Release27|x64
		{55409968-F077-4A87-87D5-F28DB28181C2}.Release27|x64.Build.0 = Release27|x64
		{55409968-F077-4A87-87D5-F28DB28181C2}.Release27|x86.ActiveCfg = Release27|Win32
		{55409968-F077-4A87-87D5-F28DB28181C2}.Release27|x86.Build.0 = Release27|Win32
		{55409968-F077-4A87-87D5-F28DB28181C2}.Release33|x64.ActiveCfg = Release33|x64
		{55409968-F077-4A87-87D5-F28DB28181C2}.Release33|x64.Build.0 = Release33|x64
		{55409968-F077-4A87-87D5-F28DB28181C2}.Release33|x86.ActiveCfg = Release33|Win32
		{55409968-F077-4A87-87D5-F28DB28181C2}.Release33|x86.Build.0 = Release33|Win32
		{55409968-F077-4A87-87D5-F28DB28181C2}.ReleaseEnv|x64.ActiveCfg = ReleaseEnv|x64
		{55409968-F077-4A87-87D5-F28DB28181C2}.ReleaseEnv|x64.Build.0 = ReleaseEnv|x64
		{55409968-F077-4A87-87D5-F28DB28181C2}.ReleaseEnv|x86.ActiveCfg = ReleaseEnv|Win32
		{55409968-F077-4A87-87D5-F28DB28181C2}.ReleaseEnv|x86.Build.0 = ReleaseEnv|Win32
	EndGlobalSection
	GlobalSection(SolutionProperties) = preSolution
		HideSolutionNode = FALSE
	EndGlobalSection
	GlobalSection(ExtensibilityGlobals) = postSolution
		SolutionGuid = {AA6C0E82-61E5-4824-B5BB-7910D6A74D93}
	EndGlobalSection
EndGlobal
