<?xml version="1.0" encoding="utf-8"?>
<Project ToolsVersion="4.0" xmlns="http://schemas.microsoft.com/developer/msbuild/2003">
  <ItemGroup>
    <Filter Include="Header Files">
      <UniqueIdentifier>{93995380-89BD-4b04-88EB-625FBE52EBFB}</UniqueIdentifier>
      <Extensions>h;hpp;hxx;hm;inl;inc;xsd</Extensions>
    </Filter>
    <Filter Include="Resource Files">
      <UniqueIdentifier>{67DA6AB6-F800-4c08-8B7A-83BB121AAD01}</UniqueIdentifier>
      <Extensions>rc;ico;cur;bmp;dlg;rc2;rct;bin;rgs;gif;jpg;jpeg;jpe;resx;tiff;tif;png;wav;mfcribbon-ms</Extensions>
    </Filter>
    <Filter Include="Udm_bin">
      <UniqueIdentifier>{4FC737F1-C7A5-4376-A066-2A32D752A2FF}</UniqueIdentifier>
      <Extensions>cpp;c;cc;cxx;def;odl;idl;hpj;bat;asm;asmx</Extensions>
    </Filter>
  </ItemGroup>
  <ItemGroup>
    <None Include="Udm_inc.wxi" />
    <None Include="UdmDll_VS10\UdmDll_VS10.wxs" />
    <None Include="Udm.wxs" />
    <None Include="Udm_SDK\Udm_SDK.wxs" />
    <None Include="Udm_bin\Udm_bin.wxs" />
    <None Include="xerces_c\xerces_c.wxs" />
    <None Include="UdmSDK_VC11\UdmSDK_VC11.wxs" />
    <None Include="UdmDll_VC11\UdmDll_VC11.wxs" />
    <None Include="UdmDll\UdmDll.wxs" />
    <None Include="Udm_bin\MetaGME2Uml.wxi">
      <Filter>Udm_bin</Filter>
    </None>
    <None Include="Udm_bin\UML2XML.wxi">
      <Filter>Udm_bin</Filter>
    </None>
    <None Include="Udm_bin\UMLOCLExpressionChecker.wxi">
      <Filter>Udm_bin</Filter>
    </None>
  </ItemGroup>
</Project>