Microsoft Visual Studio Solution File, Format Version 8.00
Project("{8BC9CEB8-8B4A-11D0-8D11-00A0C91BC942}") = "UdmBase", "UdmBase\UdmBase.vcproj", "{30C55DA9-9CBA-4D6C-BBBD-C7E8823A027D}"
	ProjectSection(ProjectDependencies) = postProject
	EndProjectSection
EndProject
Project("{8BC9CEB8-8B4A-11D0-8D11-00A0C91BC942}") = "Component", "UML GME\Interpreter\BONComponent.vcproj", "{207DA527-EC80-4A83-B5C2-B2A02281AFBA}"
	ProjectSection(ProjectDependencies) = postProject
		{3CAE3DEE-065E-426C-9C3C-F1F59217C00B} = {3CAE3DEE-065E-426C-9C3C-F1F59217C00B}
	EndProjectSection
EndProject
Project("{8BC9CEB8-8B4A-11D0-8D11-00A0C91BC942}") = "UdmDom", "UdmDom\UdmDom.vcproj", "{9A094C52-E029-4333-AC60-580B9B928E4E}"
	ProjectSection(ProjectDependencies) = postProject
	EndProjectSection
EndProject
Project("{8BC9CEB8-8B4A-11D0-8D11-00A0C91BC942}") = "UdmXmi", "UdmXmi\UdmXmi.vcproj", "{CA16ED97-F738-4FAF-985C-FAE05AED8D07}"
	ProjectSection(ProjectDependencies) = postProject
	EndProjectSection
EndProject
Project("{8BC9CEB8-8B4A-11D0-8D11-00A0C91BC942}") = "UdmUtil", "UdmUtil\UdmUtil.vcproj", "{E663042B-F135-4502-B7A1-D62F21126E3B}"
	ProjectSection(ProjectDependencies) = postProject
	EndProjectSection
EndProject
Project("{8BC9CEB8-8B4A-11D0-8D11-00A0C91BC942}") = "UdmGme", "UdmGme\UdmGme.vcproj", "{0763153D-E646-403A-93B7-6033B1D13A0C}"
	ProjectSection(ProjectDependencies) = postProject
	EndProjectSection
EndProject
Project("{8BC9CEB8-8B4A-11D0-8D11-00A0C91BC942}") = "UdmDll", "UdmDll\UdmDll.vcproj", "{3CAE3DEE-065E-426C-9C3C-F1F59217C00B}"
	ProjectSection(ProjectDependencies) = postProject
		{E663042B-F135-4502-B7A1-D62F21126E3B} = {E663042B-F135-4502-B7A1-D62F21126E3B}
		{0763153D-E646-403A-93B7-6033B1D13A0C} = {0763153D-E646-403A-93B7-6033B1D13A0C}
		{6A53E343-14C2-4463-A9C8-332DAE560EAF} = {6A53E343-14C2-4463-A9C8-332DAE560EAF}
		{9A094C52-E029-4333-AC60-580B9B928E4E} = {9A094C52-E029-4333-AC60-580B9B928E4E}
		{AA870453-DBEA-4162-9699-563A975E5A84} = {AA870453-DBEA-4162-9699-563A975E5A84}
		{EE407066-7819-4AE2-B0F5-E64FC5E54415} = {EE407066-7819-4AE2-B0F5-E64FC5E54415}
		{5106C980-BC3D-48C5-A033-0D58C20F9980} = {5106C980-BC3D-48C5-A033-0D58C20F9980}
		{CA16ED97-F738-4FAF-985C-FAE05AED8D07} = {CA16ED97-F738-4FAF-985C-FAE05AED8D07}
		{30C55DA9-9CBA-4D6C-BBBD-C7E8823A027D} = {30C55DA9-9CBA-4D6C-BBBD-C7E8823A027D}
	EndProjectSection
EndProject
Project("{8BC9CEB8-8B4A-11D0-8D11-00A0C91BC942}") = "UdmOcl", "UdmOcl\UdmOcl.vcproj", "{5106C980-BC3D-48C5-A033-0D58C20F9980}"
	ProjectSection(ProjectDependencies) = postProject
	EndProjectSection
EndProject
Project("{8BC9CEB8-8B4A-11D0-8D11-00A0C91BC942}") = "UdmCopy", "UdmCopy\UdmCopy.vcproj", "{1D7BFE97-37FA-48A3-8952-2B9D60114F42}"
	ProjectSection(ProjectDependencies) = postProject
		{E663042B-F135-4502-B7A1-D62F21126E3B} = {E663042B-F135-4502-B7A1-D62F21126E3B}
		{0763153D-E646-403A-93B7-6033B1D13A0C} = {0763153D-E646-403A-93B7-6033B1D13A0C}
		{9A094C52-E029-4333-AC60-580B9B928E4E} = {9A094C52-E029-4333-AC60-580B9B928E4E}
		{30C55DA9-9CBA-4D6C-BBBD-C7E8823A027D} = {30C55DA9-9CBA-4D6C-BBBD-C7E8823A027D}
	EndProjectSection
EndProject
Project("{8BC9CEB8-8B4A-11D0-8D11-00A0C91BC942}") = "GmeOclExprChecker", "UML GME\ExprChecker\GmeOclExprChecker.vcproj", "{C2E74DE0-8084-42E2-941D-F18816C98D88}"
	ProjectSection(ProjectDependencies) = postProject
		{207DA527-EC80-4A83-B5C2-B2A02281AFBA} = {207DA527-EC80-4A83-B5C2-B2A02281AFBA}
	EndProjectSection
EndProject
Project("{8BC9CEB8-8B4A-11D0-8D11-00A0C91BC942}") = "XmiToUdm", "XmiToUdm\XmiToUdm.vcproj", "{3321A2AD-4DCE-4767-BF7C-32C8B5FA9A97}"
	ProjectSection(ProjectDependencies) = postProject
		{CA16ED97-F738-4FAF-985C-FAE05AED8D07} = {CA16ED97-F738-4FAF-985C-FAE05AED8D07}
	EndProjectSection
EndProject
Project("{8BC9CEB8-8B4A-11D0-8D11-00A0C91BC942}") = "UdmToXmi", "UdmToXmi\UdmToXmi.vcproj", "{5097453D-0CF4-4DE8-9C2D-8D4B2078AD1D}"
	ProjectSection(ProjectDependencies) = postProject
		{CA16ED97-F738-4FAF-985C-FAE05AED8D07} = {CA16ED97-F738-4FAF-985C-FAE05AED8D07}
	EndProjectSection
EndProject
Project("{8BC9CEB8-8B4A-11D0-8D11-00A0C91BC942}") = "UdmBackendDump", "UdmBackendDump\UdmBackendDump.vcproj", "{69CD1785-0B3B-467C-87F6-71F679E5577A}"
	ProjectSection(ProjectDependencies) = postProject
		{6A53E343-14C2-4463-A9C8-332DAE560EAF} = {6A53E343-14C2-4463-A9C8-332DAE560EAF}
	EndProjectSection
EndProject
Project("{8BC9CEB8-8B4A-11D0-8D11-00A0C91BC942}") = "UdmViz", "UdmViz\UdmViz.vcproj", "{48FFD6BF-0BB7-4BAA-9943-F3B6DEA30C9C}"
	ProjectSection(ProjectDependencies) = postProject
		{30C55DA9-9CBA-4D6C-BBBD-C7E8823A027D} = {30C55DA9-9CBA-4D6C-BBBD-C7E8823A027D}
	EndProjectSection
EndProject
Project("{8BC9CEB8-8B4A-11D0-8D11-00A0C91BC942}") = "UDMPat", "UdmOclPat\UDMOclPat.vcproj", "{EF8C7C28-568A-4335-9861-84ED3917E1A6}"
	ProjectSection(ProjectDependencies) = postProject
		{E663042B-F135-4502-B7A1-D62F21126E3B} = {E663042B-F135-4502-B7A1-D62F21126E3B}
		{30C55DA9-9CBA-4D6C-BBBD-C7E8823A027D} = {30C55DA9-9CBA-4D6C-BBBD-C7E8823A027D}
	EndProjectSection
EndProject
Project("{8BC9CEB8-8B4A-11D0-8D11-00A0C91BC942}") = "GOCL", "UdmOclPat\GOCL\src\GOCL.vcproj", "{EE407066-7819-4AE2-B0F5-E64FC5E54415}"
	ProjectSection(ProjectDependencies) = postProject
		{E663042B-F135-4502-B7A1-D62F21126E3B} = {E663042B-F135-4502-B7A1-D62F21126E3B}
	EndProjectSection
EndProject
Project("{8BC9CEB8-8B4A-11D0-8D11-00A0C91BC942}") = "File2Code", "Udm\File2Code\File2Code.vcproj", "{51A35FC8-1D28-4B8A-9592-CE334FFA7539}"
	ProjectSection(ProjectDependencies) = postProject
	EndProjectSection
EndProject
Project("{8BC9CEB8-8B4A-11D0-8D11-00A0C91BC942}") = "JavaAPIGen", "Udm\JavaAPIGen\JavaAPIGen.vcproj", "{DCBD6ED0-5DD4-4C81-AF53-12F6F3D810B5}"
	ProjectSection(ProjectDependencies) = postProject
	EndProjectSection
EndProject
Project("{8BC9CEB8-8B4A-11D0-8D11-00A0C91BC942}") = "UdmPOI", "UdmPOI\UdmPOI.vcproj", "{AA870453-DBEA-4162-9699-563A975E5A84}"
	ProjectSection(ProjectDependencies) = postProject
	EndProjectSection
EndProject
Project("{8BC9CEB8-8B4A-11D0-8D11-00A0C91BC942}") = "UdmSwig", "UdmSwig\UdmSwig.vcproj", "{51AA434D-E6EE-494B-9DA6-85B511B019FC}"
	ProjectSection(ProjectDependencies) = postProject
		{E663042B-F135-4502-B7A1-D62F21126E3B} = {E663042B-F135-4502-B7A1-D62F21126E3B}
		{6A53E343-14C2-4463-A9C8-332DAE560EAF} = {6A53E343-14C2-4463-A9C8-332DAE560EAF}
		{9A094C52-E029-4333-AC60-580B9B928E4E} = {9A094C52-E029-4333-AC60-580B9B928E4E}
		{AA870453-DBEA-4162-9699-563A975E5A84} = {AA870453-DBEA-4162-9699-563A975E5A84}
		{EE407066-7819-4AE2-B0F5-E64FC5E54415} = {EE407066-7819-4AE2-B0F5-E64FC5E54415}
		{5106C980-BC3D-48C5-A033-0D58C20F9980} = {5106C980-BC3D-48C5-A033-0D58C20F9980}
		{30C55DA9-9CBA-4D6C-BBBD-C7E8823A027D} = {30C55DA9-9CBA-4D6C-BBBD-C7E8823A027D}
	EndProjectSection
EndProject
Project("{8BC9CEB8-8B4A-11D0-8D11-00A0C91BC942}") = "StrResGen", "StrResGen\StrResGen.vcproj", "{B1C6E905-B4C5-4653-9D17-FA52EDA2991B}"
	ProjectSection(ProjectDependencies) = postProject
		{51A35FC8-1D28-4B8A-9592-CE334FFA7539} = {51A35FC8-1D28-4B8A-9592-CE334FFA7539}
	EndProjectSection
EndProject
Project("{8BC9CEB8-8B4A-11D0-8D11-00A0C91BC942}") = "Udm", "Udm\Udm.vcproj", "{2B0484D0-D5BB-4238-BBC3-A37A20CDC493}"
	ProjectSection(ProjectDependencies) = postProject
		{E663042B-F135-4502-B7A1-D62F21126E3B} = {E663042B-F135-4502-B7A1-D62F21126E3B}
		{0763153D-E646-403A-93B7-6033B1D13A0C} = {0763153D-E646-403A-93B7-6033B1D13A0C}
		{6A53E343-14C2-4463-A9C8-332DAE560EAF} = {6A53E343-14C2-4463-A9C8-332DAE560EAF}
		{9A094C52-E029-4333-AC60-580B9B928E4E} = {9A094C52-E029-4333-AC60-580B9B928E4E}
		{CA16ED97-F738-4FAF-985C-FAE05AED8D07} = {CA16ED97-F738-4FAF-985C-FAE05AED8D07}
		{30C55DA9-9CBA-4D6C-BBBD-C7E8823A027D} = {30C55DA9-9CBA-4D6C-BBBD-C7E8823A027D}
		{51A35FC8-1D28-4B8A-9592-CE334FFA7539} = {51A35FC8-1D28-4B8A-9592-CE334FFA7539}
		{DCBD6ED0-5DD4-4C81-AF53-12F6F3D810B5} = {DCBD6ED0-5DD4-4C81-AF53-12F6F3D810B5}
	EndProjectSection
EndProject
Project("{8BC9CEB8-8B4A-11D0-8D11-00A0C91BC942}") = "Uml", "Uml\Uml.vcproj", "{6A53E343-14C2-4463-A9C8-332DAE560EAF}"
	ProjectSection(ProjectDependencies) = postProject
	EndProjectSection
EndProject
Project("{8BC9CEB8-8B4A-11D0-8D11-00A0C91BC942}") = "MPCGen", "MPCGen\MPCGen.vcproj", "{7E5263AA-49FA-4EA3-89D8-427F40C5B0BC}"
	ProjectSection(ProjectDependencies) = postProject
	EndProjectSection
EndProject
Project("{8BC9CEB8-8B4A-11D0-8D11-00A0C91BC942}") = "UIntWiz", "UIntWiz\UIntWiz.vcproj", "{476C4E48-DEF6-451B-95FB-502A537BE6D4}"
	ProjectSection(ProjectDependencies) = postProject
	EndProjectSection
EndProject
Global
	GlobalSection(SolutionConfiguration) = preSolution
		BootUdmCompile Debug = BootUdmCompile Debug
		BootUdmCompile Release = BootUdmCompile Release
		Debug = Debug
		Debug ST = Debug ST
		Release = Release
		Release MinDependency = Release MinDependency
		Release ST = Release ST
	EndGlobalSection
	GlobalSection(ProjectDependencies) = postSolution
	EndGlobalSection
	GlobalSection(ProjectConfiguration) = postSolution
		{30C55DA9-9CBA-4D6C-BBBD-C7E8823A027D}.BootUdmCompile Debug.ActiveCfg = BootUdmCompile Debug|Win32
		{30C55DA9-9CBA-4D6C-BBBD-C7E8823A027D}.BootUdmCompile Debug.Build.0 = BootUdmCompile Debug|Win32
		{30C55DA9-9CBA-4D6C-BBBD-C7E8823A027D}.BootUdmCompile Release.ActiveCfg = BootUdmCompile Release|Win32
		{30C55DA9-9CBA-4D6C-BBBD-C7E8823A027D}.BootUdmCompile Release.Build.0 = BootUdmCompile Release|Win32
		{30C55DA9-9CBA-4D6C-BBBD-C7E8823A027D}.Debug.ActiveCfg = Debug|Win32
		{30C55DA9-9CBA-4D6C-BBBD-C7E8823A027D}.Debug.Build.0 = Debug|Win32
		{30C55DA9-9CBA-4D6C-BBBD-C7E8823A027D}.Debug ST.ActiveCfg = Debug ST|Win32
		{30C55DA9-9CBA-4D6C-BBBD-C7E8823A027D}.Debug ST.Build.0 = Debug ST|Win32
		{30C55DA9-9CBA-4D6C-BBBD-C7E8823A027D}.Release.ActiveCfg = Release|Win32
		{30C55DA9-9CBA-4D6C-BBBD-C7E8823A027D}.Release.Build.0 = Release|Win32
		{30C55DA9-9CBA-4D6C-BBBD-C7E8823A027D}.Release MinDependency.ActiveCfg = Release|Win32
		{30C55DA9-9CBA-4D6C-BBBD-C7E8823A027D}.Release MinDependency.Build.0 = Release|Win32
		{30C55DA9-9CBA-4D6C-BBBD-C7E8823A027D}.Release ST.ActiveCfg = Release ST|Win32
		{30C55DA9-9CBA-4D6C-BBBD-C7E8823A027D}.Release ST.Build.0 = Release ST|Win32
		{207DA527-EC80-4A83-B5C2-B2A02281AFBA}.BootUdmCompile Debug.ActiveCfg = Debug|Win32
		{207DA527-EC80-4A83-B5C2-B2A02281AFBA}.BootUdmCompile Release.ActiveCfg = Release MinDependency|Win32
		{207DA527-EC80-4A83-B5C2-B2A02281AFBA}.Debug.ActiveCfg = Debug|Win32
		{207DA527-EC80-4A83-B5C2-B2A02281AFBA}.Debug.Build.0 = Debug|Win32
		{207DA527-EC80-4A83-B5C2-B2A02281AFBA}.Debug ST.ActiveCfg = Debug|Win32
		{207DA527-EC80-4A83-B5C2-B2A02281AFBA}.Debug ST.Build.0 = Debug|Win32
		{207DA527-EC80-4A83-B5C2-B2A02281AFBA}.Release.ActiveCfg = Release MinDependency|Win32
		{207DA527-EC80-4A83-B5C2-B2A02281AFBA}.Release.Build.0 = Release MinDependency|Win32
		{207DA527-EC80-4A83-B5C2-B2A02281AFBA}.Release MinDependency.ActiveCfg = Release MinDependency|Win32
		{207DA527-EC80-4A83-B5C2-B2A02281AFBA}.Release MinDependency.Build.0 = Release MinDependency|Win32
		{207DA527-EC80-4A83-B5C2-B2A02281AFBA}.Release ST.ActiveCfg = Release ST|Win32
		{9A094C52-E029-4333-AC60-580B9B928E4E}.BootUdmCompile Debug.ActiveCfg = Debug|Win32
		{9A094C52-E029-4333-AC60-580B9B928E4E}.BootUdmCompile Release.ActiveCfg = Release|Win32
		{9A094C52-E029-4333-AC60-580B9B928E4E}.Debug.ActiveCfg = Debug|Win32
		{9A094C52-E029-4333-AC60-580B9B928E4E}.Debug.Build.0 = Debug|Win32
		{9A094C52-E029-4333-AC60-580B9B928E4E}.Debug ST.ActiveCfg = Debug ST|Win32
		{9A094C52-E029-4333-AC60-580B9B928E4E}.Debug ST.Build.0 = Debug ST|Win32
		{9A094C52-E029-4333-AC60-580B9B928E4E}.Release.ActiveCfg = Release|Win32
		{9A094C52-E029-4333-AC60-580B9B928E4E}.Release.Build.0 = Release|Win32
		{9A094C52-E029-4333-AC60-580B9B928E4E}.Release MinDependency.ActiveCfg = Release|Win32
		{9A094C52-E029-4333-AC60-580B9B928E4E}.Release MinDependency.Build.0 = Release|Win32
		{9A094C52-E029-4333-AC60-580B9B928E4E}.Release ST.ActiveCfg = Release ST|Win32
		{9A094C52-E029-4333-AC60-580B9B928E4E}.Release ST.Build.0 = Release ST|Win32
		{CA16ED97-F738-4FAF-985C-FAE05AED8D07}.BootUdmCompile Debug.ActiveCfg = Debug|Win32
		{CA16ED97-F738-4FAF-985C-FAE05AED8D07}.BootUdmCompile Release.ActiveCfg = Release|Win32
		{CA16ED97-F738-4FAF-985C-FAE05AED8D07}.Debug.ActiveCfg = Debug|Win32
		{CA16ED97-F738-4FAF-985C-FAE05AED8D07}.Debug.Build.0 = Debug|Win32
		{CA16ED97-F738-4FAF-985C-FAE05AED8D07}.Debug ST.ActiveCfg = Debug ST|Win32
		{CA16ED97-F738-4FAF-985C-FAE05AED8D07}.Debug ST.Build.0 = Debug ST|Win32
		{CA16ED97-F738-4FAF-985C-FAE05AED8D07}.Release.ActiveCfg = Release|Win32
		{CA16ED97-F738-4FAF-985C-FAE05AED8D07}.Release.Build.0 = Release|Win32
		{CA16ED97-F738-4FAF-985C-FAE05AED8D07}.Release MinDependency.ActiveCfg = Release|Win32
		{CA16ED97-F738-4FAF-985C-FAE05AED8D07}.Release MinDependency.Build.0 = Release|Win32
		{CA16ED97-F738-4FAF-985C-FAE05AED8D07}.Release ST.ActiveCfg = Release ST|Win32
		{CA16ED97-F738-4FAF-985C-FAE05AED8D07}.Release ST.Build.0 = Release ST|Win32
		{E663042B-F135-4502-B7A1-D62F21126E3B}.BootUdmCompile Debug.ActiveCfg = Debug|Win32
		{E663042B-F135-4502-B7A1-D62F21126E3B}.BootUdmCompile Release.ActiveCfg = Release|Win32
		{E663042B-F135-4502-B7A1-D62F21126E3B}.Debug.ActiveCfg = Debug|Win32
		{E663042B-F135-4502-B7A1-D62F21126E3B}.Debug.Build.0 = Debug|Win32
		{E663042B-F135-4502-B7A1-D62F21126E3B}.Debug ST.ActiveCfg = Debug ST|Win32
		{E663042B-F135-4502-B7A1-D62F21126E3B}.Debug ST.Build.0 = Debug ST|Win32
		{E663042B-F135-4502-B7A1-D62F21126E3B}.Release.ActiveCfg = Release|Win32
		{E663042B-F135-4502-B7A1-D62F21126E3B}.Release.Build.0 = Release|Win32
		{E663042B-F135-4502-B7A1-D62F21126E3B}.Release MinDependency.ActiveCfg = Release|Win32
		{E663042B-F135-4502-B7A1-D62F21126E3B}.Release MinDependency.Build.0 = Release|Win32
		{E663042B-F135-4502-B7A1-D62F21126E3B}.Release ST.ActiveCfg = Release ST|Win32
		{E663042B-F135-4502-B7A1-D62F21126E3B}.Release ST.Build.0 = Release ST|Win32
		{0763153D-E646-403A-93B7-6033B1D13A0C}.BootUdmCompile Debug.ActiveCfg = Debug|Win32
		{0763153D-E646-403A-93B7-6033B1D13A0C}.BootUdmCompile Release.ActiveCfg = Release|Win32
		{0763153D-E646-403A-93B7-6033B1D13A0C}.Debug.ActiveCfg = Debug|Win32
		{0763153D-E646-403A-93B7-6033B1D13A0C}.Debug.Build.0 = Debug|Win32
		{0763153D-E646-403A-93B7-6033B1D13A0C}.Debug ST.ActiveCfg = Debug|Win32
		{0763153D-E646-403A-93B7-6033B1D13A0C}.Debug ST.Build.0 = Debug|Win32
		{0763153D-E646-403A-93B7-6033B1D13A0C}.Release.ActiveCfg = Release|Win32
		{0763153D-E646-403A-93B7-6033B1D13A0C}.Release.Build.0 = Release|Win32
		{0763153D-E646-403A-93B7-6033B1D13A0C}.Release MinDependency.ActiveCfg = Release|Win32
		{0763153D-E646-403A-93B7-6033B1D13A0C}.Release MinDependency.Build.0 = Release|Win32
		{0763153D-E646-403A-93B7-6033B1D13A0C}.Release ST.ActiveCfg = Release ST|Win32
		{3CAE3DEE-065E-426C-9C3C-F1F59217C00B}.BootUdmCompile Debug.ActiveCfg = Debug|Win32
		{3CAE3DEE-065E-426C-9C3C-F1F59217C00B}.BootUdmCompile Release.ActiveCfg = Release|Win32
		{3CAE3DEE-065E-426C-9C3C-F1F59217C00B}.Debug.ActiveCfg = Debug|Win32
		{3CAE3DEE-065E-426C-9C3C-F1F59217C00B}.Debug.Build.0 = Debug|Win32
		{3CAE3DEE-065E-426C-9C3C-F1F59217C00B}.Debug ST.ActiveCfg = Debug ST|Win32
		{3CAE3DEE-065E-426C-9C3C-F1F59217C00B}.Debug ST.Build.0 = Debug ST|Win32
		{3CAE3DEE-065E-426C-9C3C-F1F59217C00B}.Release.ActiveCfg = Release|Win32
		{3CAE3DEE-065E-426C-9C3C-F1F59217C00B}.Release.Build.0 = Release|Win32
		{3CAE3DEE-065E-426C-9C3C-F1F59217C00B}.Release MinDependency.ActiveCfg = Release|Win32
		{3CAE3DEE-065E-426C-9C3C-F1F59217C00B}.Release MinDependency.Build.0 = Release|Win32
		{3CAE3DEE-065E-426C-9C3C-F1F59217C00B}.Release ST.ActiveCfg = Release ST|Win32
		{3CAE3DEE-065E-426C-9C3C-F1F59217C00B}.Release ST.Build.0 = Release ST|Win32
		{5106C980-BC3D-48C5-A033-0D58C20F9980}.BootUdmCompile Debug.ActiveCfg = Debug|Win32
		{5106C980-BC3D-48C5-A033-0D58C20F9980}.BootUdmCompile Release.ActiveCfg = Release|Win32
		{5106C980-BC3D-48C5-A033-0D58C20F9980}.Debug.ActiveCfg = Debug|Win32
		{5106C980-BC3D-48C5-A033-0D58C20F9980}.Debug.Build.0 = Debug|Win32
		{5106C980-BC3D-48C5-A033-0D58C20F9980}.Debug ST.ActiveCfg = Debug ST|Win32
		{5106C980-BC3D-48C5-A033-0D58C20F9980}.Debug ST.Build.0 = Debug ST|Win32
		{5106C980-BC3D-48C5-A033-0D58C20F9980}.Release.ActiveCfg = Release|Win32
		{5106C980-BC3D-48C5-A033-0D58C20F9980}.Release.Build.0 = Release|Win32
		{5106C980-BC3D-48C5-A033-0D58C20F9980}.Release MinDependency.ActiveCfg = Release|Win32
		{5106C980-BC3D-48C5-A033-0D58C20F9980}.Release MinDependency.Build.0 = Release|Win32
		{5106C980-BC3D-48C5-A033-0D58C20F9980}.Release ST.ActiveCfg = Release ST|Win32
		{5106C980-BC3D-48C5-A033-0D58C20F9980}.Release ST.Build.0 = Release ST|Win32
		{1D7BFE97-37FA-48A3-8952-2B9D60114F42}.BootUdmCompile Debug.ActiveCfg = Debug|Win32
		{1D7BFE97-37FA-48A3-8952-2B9D60114F42}.BootUdmCompile Release.ActiveCfg = Release|Win32
		{1D7BFE97-37FA-48A3-8952-2B9D60114F42}.Debug.ActiveCfg = Debug|Win32
		{1D7BFE97-37FA-48A3-8952-2B9D60114F42}.Debug.Build.0 = Debug|Win32
		{1D7BFE97-37FA-48A3-8952-2B9D60114F42}.Debug ST.ActiveCfg = Debug|Win32
		{1D7BFE97-37FA-48A3-8952-2B9D60114F42}.Debug ST.Build.0 = Debug|Win32
		{1D7BFE97-37FA-48A3-8952-2B9D60114F42}.Release.ActiveCfg = Release|Win32
		{1D7BFE97-37FA-48A3-8952-2B9D60114F42}.Release.Build.0 = Release|Win32
		{1D7BFE97-37FA-48A3-8952-2B9D60114F42}.Release MinDependency.ActiveCfg = Release|Win32
		{1D7BFE97-37FA-48A3-8952-2B9D60114F42}.Release MinDependency.Build.0 = Release|Win32
		{1D7BFE97-37FA-48A3-8952-2B9D60114F42}.Release ST.ActiveCfg = Release ST|Win32
		{C2E74DE0-8084-42E2-941D-F18816C98D88}.BootUdmCompile Debug.ActiveCfg = Debug|Win32
		{C2E74DE0-8084-42E2-941D-F18816C98D88}.BootUdmCompile Release.ActiveCfg = Release MinDependency|Win32
		{C2E74DE0-8084-42E2-941D-F18816C98D88}.Debug.ActiveCfg = Debug|Win32
		{C2E74DE0-8084-42E2-941D-F18816C98D88}.Debug.Build.0 = Debug|Win32
		{C2E74DE0-8084-42E2-941D-F18816C98D88}.Debug ST.ActiveCfg = Debug|Win32
		{C2E74DE0-8084-42E2-941D-F18816C98D88}.Debug ST.Build.0 = Debug|Win32
		{C2E74DE0-8084-42E2-941D-F18816C98D88}.Release.ActiveCfg = Release MinDependency|Win32
		{C2E74DE0-8084-42E2-941D-F18816C98D88}.Release.Build.0 = Release MinDependency|Win32
		{C2E74DE0-8084-42E2-941D-F18816C98D88}.Release MinDependency.ActiveCfg = Release MinDependency|Win32
		{C2E74DE0-8084-42E2-941D-F18816C98D88}.Release MinDependency.Build.0 = Release MinDependency|Win32
		{C2E74DE0-8084-42E2-941D-F18816C98D88}.Release ST.ActiveCfg = Release ST|Win32
		{3321A2AD-4DCE-4767-BF7C-32C8B5FA9A97}.BootUdmCompile Debug.ActiveCfg = Debug|Win32
		{3321A2AD-4DCE-4767-BF7C-32C8B5FA9A97}.BootUdmCompile Release.ActiveCfg = Release|Win32
		{3321A2AD-4DCE-4767-BF7C-32C8B5FA9A97}.Debug.ActiveCfg = Debug|Win32
		{3321A2AD-4DCE-4767-BF7C-32C8B5FA9A97}.Debug.Build.0 = Debug|Win32
		{3321A2AD-4DCE-4767-BF7C-32C8B5FA9A97}.Debug ST.ActiveCfg = Debug|Win32
		{3321A2AD-4DCE-4767-BF7C-32C8B5FA9A97}.Debug ST.Build.0 = Debug|Win32
		{3321A2AD-4DCE-4767-BF7C-32C8B5FA9A97}.Release.ActiveCfg = Release|Win32
		{3321A2AD-4DCE-4767-BF7C-32C8B5FA9A97}.Release.Build.0 = Release|Win32
		{3321A2AD-4DCE-4767-BF7C-32C8B5FA9A97}.Release MinDependency.ActiveCfg = Release|Win32
		{3321A2AD-4DCE-4767-BF7C-32C8B5FA9A97}.Release MinDependency.Build.0 = Release|Win32
		{3321A2AD-4DCE-4767-BF7C-32C8B5FA9A97}.Release ST.ActiveCfg = Release ST|Win32
		{5097453D-0CF4-4DE8-9C2D-8D4B2078AD1D}.BootUdmCompile Debug.ActiveCfg = Debug|Win32
		{5097453D-0CF4-4DE8-9C2D-8D4B2078AD1D}.BootUdmCompile Release.ActiveCfg = Release|Win32
		{5097453D-0CF4-4DE8-9C2D-8D4B2078AD1D}.Debug.ActiveCfg = Debug|Win32
		{5097453D-0CF4-4DE8-9C2D-8D4B2078AD1D}.Debug.Build.0 = Debug|Win32
		{5097453D-0CF4-4DE8-9C2D-8D4B2078AD1D}.Debug ST.ActiveCfg = Debug|Win32
		{5097453D-0CF4-4DE8-9C2D-8D4B2078AD1D}.Debug ST.Build.0 = Debug|Win32
		{5097453D-0CF4-4DE8-9C2D-8D4B2078AD1D}.Release.ActiveCfg = Release|Win32
		{5097453D-0CF4-4DE8-9C2D-8D4B2078AD1D}.Release.Build.0 = Release|Win32
		{5097453D-0CF4-4DE8-9C2D-8D4B2078AD1D}.Release MinDependency.ActiveCfg = Release|Win32
		{5097453D-0CF4-4DE8-9C2D-8D4B2078AD1D}.Release MinDependency.Build.0 = Release|Win32
		{5097453D-0CF4-4DE8-9C2D-8D4B2078AD1D}.Release ST.ActiveCfg = Release ST|Win32
		{69CD1785-0B3B-467C-87F6-71F679E5577A}.BootUdmCompile Debug.ActiveCfg = Debug|Win32
		{69CD1785-0B3B-467C-87F6-71F679E5577A}.BootUdmCompile Release.ActiveCfg = Release|Win32
		{69CD1785-0B3B-467C-87F6-71F679E5577A}.Debug.ActiveCfg = Debug|Win32
		{69CD1785-0B3B-467C-87F6-71F679E5577A}.Debug.Build.0 = Debug|Win32
		{69CD1785-0B3B-467C-87F6-71F679E5577A}.Debug ST.ActiveCfg = Debug|Win32
		{69CD1785-0B3B-467C-87F6-71F679E5577A}.Debug ST.Build.0 = Debug|Win32
		{69CD1785-0B3B-467C-87F6-71F679E5577A}.Release.ActiveCfg = Release|Win32
		{69CD1785-0B3B-467C-87F6-71F679E5577A}.Release.Build.0 = Release|Win32
		{69CD1785-0B3B-467C-87F6-71F679E5577A}.Release MinDependency.ActiveCfg = Release|Win32
		{69CD1785-0B3B-467C-87F6-71F679E5577A}.Release MinDependency.Build.0 = Release|Win32
		{69CD1785-0B3B-467C-87F6-71F679E5577A}.Release ST.ActiveCfg = Release ST|Win32
		{48FFD6BF-0BB7-4BAA-9943-F3B6DEA30C9C}.BootUdmCompile Debug.ActiveCfg = Debug|Win32
		{48FFD6BF-0BB7-4BAA-9943-F3B6DEA30C9C}.BootUdmCompile Release.ActiveCfg = Release|Win32
		{48FFD6BF-0BB7-4BAA-9943-F3B6DEA30C9C}.Debug.ActiveCfg = Debug|Win32
		{48FFD6BF-0BB7-4BAA-9943-F3B6DEA30C9C}.Debug.Build.0 = Debug|Win32
		{48FFD6BF-0BB7-4BAA-9943-F3B6DEA30C9C}.Debug ST.ActiveCfg = Debug|Win32
		{48FFD6BF-0BB7-4BAA-9943-F3B6DEA30C9C}.Debug ST.Build.0 = Debug|Win32
		{48FFD6BF-0BB7-4BAA-9943-F3B6DEA30C9C}.Release.ActiveCfg = Release|Win32
		{48FFD6BF-0BB7-4BAA-9943-F3B6DEA30C9C}.Release.Build.0 = Release|Win32
		{48FFD6BF-0BB7-4BAA-9943-F3B6DEA30C9C}.Release MinDependency.ActiveCfg = Release|Win32
		{48FFD6BF-0BB7-4BAA-9943-F3B6DEA30C9C}.Release MinDependency.Build.0 = Release|Win32
		{48FFD6BF-0BB7-4BAA-9943-F3B6DEA30C9C}.Release ST.ActiveCfg = Release ST|Win32
		{EF8C7C28-568A-4335-9861-84ED3917E1A6}.BootUdmCompile Debug.ActiveCfg = Debug|Win32
		{EF8C7C28-568A-4335-9861-84ED3917E1A6}.BootUdmCompile Release.ActiveCfg = Release|Win32
		{EF8C7C28-568A-4335-9861-84ED3917E1A6}.Debug.ActiveCfg = Debug|Win32
		{EF8C7C28-568A-4335-9861-84ED3917E1A6}.Debug.Build.0 = Debug|Win32
		{EF8C7C28-568A-4335-9861-84ED3917E1A6}.Debug ST.ActiveCfg = Debug|Win32
		{EF8C7C28-568A-4335-9861-84ED3917E1A6}.Debug ST.Build.0 = Debug|Win32
		{EF8C7C28-568A-4335-9861-84ED3917E1A6}.Release.ActiveCfg = Release|Win32
		{EF8C7C28-568A-4335-9861-84ED3917E1A6}.Release.Build.0 = Release|Win32
		{EF8C7C28-568A-4335-9861-84ED3917E1A6}.Release MinDependency.ActiveCfg = Release|Win32
		{EF8C7C28-568A-4335-9861-84ED3917E1A6}.Release MinDependency.Build.0 = Release|Win32
		{EF8C7C28-568A-4335-9861-84ED3917E1A6}.Release ST.ActiveCfg = Release ST|Win32
		{EE407066-7819-4AE2-B0F5-E64FC5E54415}.BootUdmCompile Debug.ActiveCfg = Debug|Win32
		{EE407066-7819-4AE2-B0F5-E64FC5E54415}.BootUdmCompile Release.ActiveCfg = Release|Win32
		{EE407066-7819-4AE2-B0F5-E64FC5E54415}.Debug.ActiveCfg = Debug|Win32
		{EE407066-7819-4AE2-B0F5-E64FC5E54415}.Debug.Build.0 = Debug|Win32
		{EE407066-7819-4AE2-B0F5-E64FC5E54415}.Debug ST.ActiveCfg = Debug ST|Win32
		{EE407066-7819-4AE2-B0F5-E64FC5E54415}.Debug ST.Build.0 = Debug ST|Win32
		{EE407066-7819-4AE2-B0F5-E64FC5E54415}.Release.ActiveCfg = Release|Win32
		{EE407066-7819-4AE2-B0F5-E64FC5E54415}.Release.Build.0 = Release|Win32
		{EE407066-7819-4AE2-B0F5-E64FC5E54415}.Release MinDependency.ActiveCfg = Release|Win32
		{EE407066-7819-4AE2-B0F5-E64FC5E54415}.Release MinDependency.Build.0 = Release|Win32
		{EE407066-7819-4AE2-B0F5-E64FC5E54415}.Release ST.ActiveCfg = Release ST|Win32
		{EE407066-7819-4AE2-B0F5-E64FC5E54415}.Release ST.Build.0 = Release ST|Win32
		{51A35FC8-1D28-4B8A-9592-CE334FFA7539}.BootUdmCompile Debug.ActiveCfg = Debug|Win32
		{51A35FC8-1D28-4B8A-9592-CE334FFA7539}.BootUdmCompile Release.ActiveCfg = Release|Win32
		{51A35FC8-1D28-4B8A-9592-CE334FFA7539}.Debug.ActiveCfg = Debug|Win32
		{51A35FC8-1D28-4B8A-9592-CE334FFA7539}.Debug.Build.0 = Debug|Win32
		{51A35FC8-1D28-4B8A-9592-CE334FFA7539}.Debug ST.ActiveCfg = Debug|Win32
		{51A35FC8-1D28-4B8A-9592-CE334FFA7539}.Debug ST.Build.0 = Debug|Win32
		{51A35FC8-1D28-4B8A-9592-CE334FFA7539}.Release.ActiveCfg = Release|Win32
		{51A35FC8-1D28-4B8A-9592-CE334FFA7539}.Release.Build.0 = Release|Win32
		{51A35FC8-1D28-4B8A-9592-CE334FFA7539}.Release MinDependency.ActiveCfg = Release|Win32
		{51A35FC8-1D28-4B8A-9592-CE334FFA7539}.Release MinDependency.Build.0 = Release|Win32
		{51A35FC8-1D28-4B8A-9592-CE334FFA7539}.Release ST.ActiveCfg = Release ST|Win32
		{DCBD6ED0-5DD4-4C81-AF53-12F6F3D810B5}.BootUdmCompile Debug.ActiveCfg = Debug|Win32
		{DCBD6ED0-5DD4-4C81-AF53-12F6F3D810B5}.BootUdmCompile Release.ActiveCfg = Release|Win32
		{DCBD6ED0-5DD4-4C81-AF53-12F6F3D810B5}.Debug.ActiveCfg = Debug|Win32
		{DCBD6ED0-5DD4-4C81-AF53-12F6F3D810B5}.Debug.Build.0 = Debug|Win32
		{DCBD6ED0-5DD4-4C81-AF53-12F6F3D810B5}.Debug ST.ActiveCfg = Debug|Win32
		{DCBD6ED0-5DD4-4C81-AF53-12F6F3D810B5}.Debug ST.Build.0 = Debug|Win32
		{DCBD6ED0-5DD4-4C81-AF53-12F6F3D810B5}.Release.ActiveCfg = Release|Win32
		{DCBD6ED0-5DD4-4C81-AF53-12F6F3D810B5}.Release.Build.0 = Release|Win32
		{DCBD6ED0-5DD4-4C81-AF53-12F6F3D810B5}.Release MinDependency.ActiveCfg = Release|Win32
		{DCBD6ED0-5DD4-4C81-AF53-12F6F3D810B5}.Release MinDependency.Build.0 = Release|Win32
		{DCBD6ED0-5DD4-4C81-AF53-12F6F3D810B5}.Release ST.ActiveCfg = Release ST|Win32
		{AA870453-DBEA-4162-9699-563A975E5A84}.BootUdmCompile Debug.ActiveCfg = Debug|Win32
		{AA870453-DBEA-4162-9699-563A975E5A84}.BootUdmCompile Release.ActiveCfg = Release|Win32
		{AA870453-DBEA-4162-9699-563A975E5A84}.Debug.ActiveCfg = Debug|Win32
		{AA870453-DBEA-4162-9699-563A975E5A84}.Debug.Build.0 = Debug|Win32
		{AA870453-DBEA-4162-9699-563A975E5A84}.Debug ST.ActiveCfg = Debug ST|Win32
		{AA870453-DBEA-4162-9699-563A975E5A84}.Debug ST.Build.0 = Debug ST|Win32
		{AA870453-DBEA-4162-9699-563A975E5A84}.Release.ActiveCfg = Release|Win32
		{AA870453-DBEA-4162-9699-563A975E5A84}.Release.Build.0 = Release|Win32
		{AA870453-DBEA-4162-9699-563A975E5A84}.Release MinDependency.ActiveCfg = Release|Win32
		{AA870453-DBEA-4162-9699-563A975E5A84}.Release MinDependency.Build.0 = Release|Win32
		{AA870453-DBEA-4162-9699-563A975E5A84}.Release ST.ActiveCfg = Release ST|Win32
		{AA870453-DBEA-4162-9699-563A975E5A84}.Release ST.Build.0 = Release ST|Win32
		{51AA434D-E6EE-494B-9DA6-85B511B019FC}.BootUdmCompile Debug.ActiveCfg = Debug|Win32
		{51AA434D-E6EE-494B-9DA6-85B511B019FC}.BootUdmCompile Release.ActiveCfg = Release|Win32
		{51AA434D-E6EE-494B-9DA6-85B511B019FC}.Debug.ActiveCfg = Debug|Win32
		{51AA434D-E6EE-494B-9DA6-85B511B019FC}.Debug.Build.0 = Debug|Win32
		{51AA434D-E6EE-494B-9DA6-85B511B019FC}.Debug ST.ActiveCfg = Debug|Win32
		{51AA434D-E6EE-494B-9DA6-85B511B019FC}.Debug ST.Build.0 = Debug|Win32
		{51AA434D-E6EE-494B-9DA6-85B511B019FC}.Release.ActiveCfg = Release|Win32
		{51AA434D-E6EE-494B-9DA6-85B511B019FC}.Release.Build.0 = Release|Win32
		{51AA434D-E6EE-494B-9DA6-85B511B019FC}.Release MinDependency.ActiveCfg = Release|Win32
		{51AA434D-E6EE-494B-9DA6-85B511B019FC}.Release MinDependency.Build.0 = Release|Win32
		{51AA434D-E6EE-494B-9DA6-85B511B019FC}.Release ST.ActiveCfg = Release ST|Win32
		{B1C6E905-B4C5-4653-9D17-FA52EDA2991B}.BootUdmCompile Debug.ActiveCfg = Debug|Win32
		{B1C6E905-B4C5-4653-9D17-FA52EDA2991B}.BootUdmCompile Release.ActiveCfg = Release|Win32
		{B1C6E905-B4C5-4653-9D17-FA52EDA2991B}.Debug.ActiveCfg = Debug|Win32
		{B1C6E905-B4C5-4653-9D17-FA52EDA2991B}.Debug.Build.0 = Debug|Win32
		{B1C6E905-B4C5-4653-9D17-FA52EDA2991B}.Debug ST.ActiveCfg = Debug|Win32
		{B1C6E905-B4C5-4653-9D17-FA52EDA2991B}.Debug ST.Build.0 = Debug|Win32
		{B1C6E905-B4C5-4653-9D17-FA52EDA2991B}.Release.ActiveCfg = Release|Win32
		{B1C6E905-B4C5-4653-9D17-FA52EDA2991B}.Release.Build.0 = Release|Win32
		{B1C6E905-B4C5-4653-9D17-FA52EDA2991B}.Release MinDependency.ActiveCfg = Release|Win32
		{B1C6E905-B4C5-4653-9D17-FA52EDA2991B}.Release MinDependency.Build.0 = Release|Win32
		{B1C6E905-B4C5-4653-9D17-FA52EDA2991B}.Release ST.ActiveCfg = Release ST|Win32
		{2B0484D0-D5BB-4238-BBC3-A37A20CDC493}.BootUdmCompile Debug.ActiveCfg = Debug|Win32
		{2B0484D0-D5BB-4238-BBC3-A37A20CDC493}.BootUdmCompile Release.ActiveCfg = Release|Win32
		{2B0484D0-D5BB-4238-BBC3-A37A20CDC493}.Debug.ActiveCfg = Debug|Win32
		{2B0484D0-D5BB-4238-BBC3-A37A20CDC493}.Debug.Build.0 = Debug|Win32
		{2B0484D0-D5BB-4238-BBC3-A37A20CDC493}.Debug ST.ActiveCfg = Debug|Win32
		{2B0484D0-D5BB-4238-BBC3-A37A20CDC493}.Debug ST.Build.0 = Debug|Win32
		{2B0484D0-D5BB-4238-BBC3-A37A20CDC493}.Release.ActiveCfg = Release|Win32
		{2B0484D0-D5BB-4238-BBC3-A37A20CDC493}.Release.Build.0 = Release|Win32
		{2B0484D0-D5BB-4238-BBC3-A37A20CDC493}.Release MinDependency.ActiveCfg = Release|Win32
		{2B0484D0-D5BB-4238-BBC3-A37A20CDC493}.Release MinDependency.Build.0 = Release|Win32
		{2B0484D0-D5BB-4238-BBC3-A37A20CDC493}.Release ST.ActiveCfg = Release ST|Win32
		{6A53E343-14C2-4463-A9C8-332DAE560EAF}.BootUdmCompile Debug.ActiveCfg = BootUdmCompile Debug|Win32
		{6A53E343-14C2-4463-A9C8-332DAE560EAF}.BootUdmCompile Debug.Build.0 = BootUdmCompile Debug|Win32
		{6A53E343-14C2-4463-A9C8-332DAE560EAF}.BootUdmCompile Release.ActiveCfg = BootUdmCompile Release|Win32
		{6A53E343-14C2-4463-A9C8-332DAE560EAF}.BootUdmCompile Release.Build.0 = BootUdmCompile Release|Win32
		{6A53E343-14C2-4463-A9C8-332DAE560EAF}.Debug.ActiveCfg = Debug|Win32
		{6A53E343-14C2-4463-A9C8-332DAE560EAF}.Debug.Build.0 = Debug|Win32
		{6A53E343-14C2-4463-A9C8-332DAE560EAF}.Debug ST.ActiveCfg = Debug ST|Win32
		{6A53E343-14C2-4463-A9C8-332DAE560EAF}.Debug ST.Build.0 = Debug ST|Win32
		{6A53E343-14C2-4463-A9C8-332DAE560EAF}.Release.ActiveCfg = Release|Win32
		{6A53E343-14C2-4463-A9C8-332DAE560EAF}.Release.Build.0 = Release|Win32
		{6A53E343-14C2-4463-A9C8-332DAE560EAF}.Release MinDependency.ActiveCfg = Release|Win32
		{6A53E343-14C2-4463-A9C8-332DAE560EAF}.Release MinDependency.Build.0 = Release|Win32
		{6A53E343-14C2-4463-A9C8-332DAE560EAF}.Release ST.ActiveCfg = Release ST|Win32
		{6A53E343-14C2-4463-A9C8-332DAE560EAF}.Release ST.Build.0 = Release ST|Win32
		{7E5263AA-49FA-4EA3-89D8-427F40C5B0BC}.BootUdmCompile Debug.ActiveCfg = Debug|Win32
		{7E5263AA-49FA-4EA3-89D8-427F40C5B0BC}.BootUdmCompile Release.ActiveCfg = Release|Win32
		{7E5263AA-49FA-4EA3-89D8-427F40C5B0BC}.Debug.ActiveCfg = Debug|Win32
		{7E5263AA-49FA-4EA3-89D8-427F40C5B0BC}.Debug.Build.0 = Debug|Win32
		{7E5263AA-49FA-4EA3-89D8-427F40C5B0BC}.Debug ST.ActiveCfg = Debug|Win32
		{7E5263AA-49FA-4EA3-89D8-427F40C5B0BC}.Debug ST.Build.0 = Debug|Win32
		{7E5263AA-49FA-4EA3-89D8-427F40C5B0BC}.Release.ActiveCfg = Release|Win32
		{7E5263AA-49FA-4EA3-89D8-427F40C5B0BC}.Release.Build.0 = Release|Win32
		{7E5263AA-49FA-4EA3-89D8-427F40C5B0BC}.Release MinDependency.ActiveCfg = Release|Win32
		{7E5263AA-49FA-4EA3-89D8-427F40C5B0BC}.Release MinDependency.Build.0 = Release|Win32
		{7E5263AA-49FA-4EA3-89D8-427F40C5B0BC}.Release ST.ActiveCfg = Release ST|Win32
		{476C4E48-DEF6-451B-95FB-502A537BE6D4}.BootUdmCompile Debug.ActiveCfg = Debug|Win32
		{476C4E48-DEF6-451B-95FB-502A537BE6D4}.BootUdmCompile Release.ActiveCfg = Release|Win32
		{476C4E48-DEF6-451B-95FB-502A537BE6D4}.Debug.ActiveCfg = Debug|Win32
		{476C4E48-DEF6-451B-95FB-502A537BE6D4}.Debug.Build.0 = Debug|Win32
		{476C4E48-DEF6-451B-95FB-502A537BE6D4}.Debug ST.ActiveCfg = Debug|Win32
		{476C4E48-DEF6-451B-95FB-502A537BE6D4}.Debug ST.Build.0 = Debug|Win32
		{476C4E48-DEF6-451B-95FB-502A537BE6D4}.Release.ActiveCfg = Release|Win32
		{476C4E48-DEF6-451B-95FB-502A537BE6D4}.Release.Build.0 = Release|Win32
		{476C4E48-DEF6-451B-95FB-502A537BE6D4}.Release MinDependency.ActiveCfg = Release|Win32
		{476C4E48-DEF6-451B-95FB-502A537BE6D4}.Release MinDependency.Build.0 = Release|Win32
		{476C4E48-DEF6-451B-95FB-502A537BE6D4}.Release ST.ActiveCfg = Release ST|Win32
	EndGlobalSection
	GlobalSection(SolutionItems) = postSolution
	EndGlobalSection
	GlobalSection(ExtensibilityGlobals) = postSolution
	EndGlobalSection
	GlobalSection(ExtensibilityAddIns) = postSolution
	EndGlobalSection
	GlobalSection(SourceCodeControl) = preSolution
		SccNumberOfProjects = 14
		SccLocalPath0 = .
		CanCheckoutShared = false
		SolutionUniqueID = {2DFFE7B3-B81B-40FC-931E-49F8FC071E92}
		SccProjectUniqueName1 = StrResGen\\StrResGen.vcproj
		SccLocalPath1 = .
		CanCheckoutShared = false
		SccProjectFilePathRelativizedFromConnection1 = StrResGen\\
		SccProjectUniqueName2 = UML\u0020GME\\Interpreter\\BONComponent.vcproj
		SccProjectName2 = \u0022$/MoBIESTransition/udm_ns/src/UML\u0020GME/Interpreter\u0022,\u0020XOZAAAAA
		SccLocalPath2 = UML\u0020GME\\Interpreter
		CanCheckoutShared = false
		SccProjectUniqueName3 = UdmOcl\\UdmOcl.vcproj
		SccProjectName3 = \u0022$/MoBIESTransition/udm_ns/src/UdmOcl\u0022,\u0020INZAAAAA
		SccLocalPath3 = UdmOcl
		CanCheckoutShared = false
		SccProjectUniqueName4 = UML\u0020GME\\ExprChecker\\GmeOclExprChecker.vcproj
		SccProjectName4 = \u0022$/MoBIESTransition/udm_ns/src/UML\u0020GME/ExprChecker\u0022,\u0020WOZAAAAA
		SccLocalPath4 = UML\u0020GME\\ExprChecker
		CanCheckoutShared = false
		SccProjectUniqueName5 = UdmOclPat\\UDMOclPat.vcproj
		SccProjectName5 = \u0022$/MoBIESTransition/udm_ns/src/UdmOclPat\u0022,\u0020QNZAAAAA
		SccLocalPath5 = UdmOclPat
		CanCheckoutShared = false
		SccProjectUniqueName6 = Udm\\File2Code\\File2Code.vcproj
		SccProjectName6 = \u0022$/MoBIESTransition/udm_ns2/src/Udm/File2Code\u0022,\u0020HVDBAAAA
		SccLocalPath6 = Udm\\File2Code
		CanCheckoutShared = false
		SccProjectUniqueName7 = Udm\\JavaAPIGen\\JavaAPIGen.vcproj
		SccProjectName7 = \u0022$/MoBIESTransition/udm_ns2/src/Udm/JavaAPIGen\u0022,\u0020NVDBAAAA
		SccLocalPath7 = Udm\\JavaAPIGen
		CanCheckoutShared = false
		SccProjectUniqueName8 = UdmPOI\\UdmPOI.vcproj
		SccProjectName8 = \u0022$/MoBIESTransition/udm_ns2/src/UdmPOI\u0022,\u0020UBEBAAAA
		SccLocalPath8 = UdmPOI
		CanCheckoutShared = false
		SccProjectUniqueName9 = UdmSwig\\UdmSwig.vcproj
		SccProjectName9 = \u0022$/MoBIESTransition/udm_ns2/src/UdmSwig\u0022,\u0020ACEBAAAA
		SccLocalPath9 = UdmSwig
		CanCheckoutShared = false
		SccProjectUniqueName10 = Udm\\Udm.vcproj
		SccProjectName10 = \u0022$/MoBIESTransition/udm_ns/src/Udm\u0022,\u0020OBCBAAAA
		SccLocalPath10 = .
		CanCheckoutShared = false
		SccProjectFilePathRelativizedFromConnection10 = Udm\\
		SccProjectUniqueName11 = Uml\\Uml.vcproj
		SccProjectName11 = \u0022$/MoBIESTransition/udm_ns/src/Uml\u0022,\u0020HJCBAAAA
		SccLocalPath11 = ..
		CanCheckoutShared = false
		SccProjectFilePathRelativizedFromConnection11 = src\\Uml\\
		SccProjectUniqueName12 = MPCGen\\MPCGen.vcproj
		SccProjectName12 = \u0022$/MoBIESTransition/udm_ns2/src/MPCGen\u0022,\u0020NUDBAAAA
		SccLocalPath12 = MPCGen
		CanCheckoutShared = false
		SccProjectUniqueName13 = UIntWiz\\UIntWiz.vcproj
		SccProjectName13 = \u0022$/MoBIES/InterpreterWizard/Uintwiz\u0022,\u0020RKLAAAAA
		SccLocalPath13 = UIntWiz
		CanCheckoutShared = false
	EndGlobalSection
EndGlobal
