<?xml version="1.0" encoding="utf-8"?>
<Project ToolsVersion="4.0" xmlns="http://schemas.microsoft.com/developer/msbuild/2003">
  <ItemGroup>
    <Filter Include="Header Files">
      <UniqueIdentifier>{4e1ae962-fbd7-4321-adbb-8187bdb52a6a}</UniqueIdentifier>
      <Extensions>h;hpp;hxx;hm;inl</Extensions>
    </Filter>
    <Filter Include="Resource Files">
      <UniqueIdentifier>{57fa118f-e11d-419f-a59c-fb196a124d7b}</UniqueIdentifier>
      <Extensions>ico;cur;bmp;dlg;rc2;rct;bin;rgs;gif;jpg;jpeg;jpe</Extensions>
    </Filter>
    <Filter Include="Source Files">
      <UniqueIdentifier>{5cbbb76f-d675-49c7-9416-1b32ef776eea}</UniqueIdentifier>
      <Extensions>cpp;c;cxx;rc;def;r;odl;idl;hpj;bat</Extensions>
    </Filter>
  </ItemGroup>
  <ItemGroup>
    <ClCompile Include="%24%28GME_ROOT%29\sdk\bon\common\Builder.cpp">
      <Filter>Source Files</Filter>
    </ClCompile>
    <ClCompile Include="%24%28GME_ROOT%29\sdk\bon\common\ComHelp.cpp">
      <Filter>Source Files</Filter>
    </ClCompile>
    <ClCompile Include="%24%28GME_ROOT%29\sdk\bon\common\ComponentDll.cpp">
      <Filter>Source Files</Filter>
    </ClCompile>
    <ClCompile Include="%24%28GME_ROOT%29\sdk\bon\common\ComponentObj.cpp">
      <Filter>Source Files</Filter>
    </ClCompile>
    <ClCompile Include="%24%28GME_ROOT%29\sdk\bon\common\Console.cpp">
      <Filter>Source Files</Filter>
    </ClCompile>
    <ClCompile Include="%24%28GME_ROOT%29\sdk\bon\common\Exceptions.cpp">
      <Filter>Source Files</Filter>
    </ClCompile>
    <ClCompile Include="%24%28GME_ROOT%29\sdk\bon\common\Formatter.cpp">
      <Filter>Source Files</Filter>
    </ClCompile>
    <ClCompile Include="..\..\..\..\..\..\Build\Win32\VC10\Gen\src\UML GME\Interpreter\Lattrib.cpp">
      <Filter>Source Files</Filter>
    </ClCompile>
    <ClCompile Include="..\..\..\..\..\..\Build\Win32\VC10\Gen\src\UML GME\Interpreter\Lcardin.cpp">
      <Filter>Source Files</Filter>
    </ClCompile>
    <ClCompile Include="..\..\..\..\..\..\Build\Win32\VC10\Gen\src\UML GME\Interpreter\Pattrib.cpp">
      <Filter>Source Files</Filter>
    </ClCompile>
    <ClCompile Include="..\..\..\..\..\..\Build\Win32\VC10\Gen\src\UML GME\Interpreter\Pcardin.cpp">
      <Filter>Source Files</Filter>
    </ClCompile>
    <ClCompile Include="..\..\..\..\..\..\src\UML GME\Interpreter\AttributeObject.cpp">
      <Filter>Source Files</Filter>
    </ClCompile>
    <ClCompile Include="..\..\..\..\..\..\src\UML GME\Interpreter\BONComponent.cpp">
      <Filter>Source Files</Filter>
    </ClCompile>
    <ClCompile Include="..\..\..\..\..\..\src\UML GME\Interpreter\CardinalityObject.cpp">
      <Filter>Source Files</Filter>
    </ClCompile>
    <ClCompile Include="..\..\..\..\..\..\src\UML GME\Interpreter\GetRelativeFilename.cpp">
      <Filter>Source Files</Filter>
    </ClCompile>
    <ClCompile Include="..\..\..\..\..\..\src\UML GME\Interpreter\int_exception.cpp">
      <Filter>Source Files</Filter>
    </ClCompile>
    <ClCompile Include="..\..\..\..\..\..\src\UML GME\Interpreter\StdAfx.cpp">
      <Filter>Source Files</Filter>
    </ClCompile>
    <ClCompile Include="..\..\..\..\..\..\src\UML GME\Interpreter\StringBuffer.cpp">
      <Filter>Source Files</Filter>
    </ClCompile>
  </ItemGroup>
  <ItemGroup>
    <None Include="..\..\..\..\..\..\src\UML GME\Interpreter\compicon.ico">
      <Filter>Resource Files</Filter>
    </None>
    <None Include="..\..\..\..\..\..\src\UML GME\Interpreter\Component.def">
      <Filter>Source Files</Filter>
    </None>
  </ItemGroup>
  <ItemGroup>
    <ResourceCompile Include="..\..\..\..\..\..\src\UML GME\Interpreter\Component.rc">
      <Filter>Source Files</Filter>
    </ResourceCompile>
  </ItemGroup>
  <ItemGroup>
    <Midl Include="%24%28GME_ROOT%29\sdk\bon\common\ComponentLib.idl">
      <Filter>Source Files</Filter>
    </Midl>
  </ItemGroup>
  <ItemGroup>
    <ClInclude Include="%24%28GME_ROOT%29\sdk\bon\common\Builder.h">
      <Filter>Header Files</Filter>
    </ClInclude>
    <ClInclude Include="%24%28GME_ROOT%29\sdk\bon\common\ComHelp.h">
      <Filter>Header Files</Filter>
    </ClInclude>
    <ClInclude Include="%24%28GME_ROOT%29\sdk\bon\common\ComponentDll.h">
      <Filter>Header Files</Filter>
    </ClInclude>
    <ClInclude Include="%24%28GME_ROOT%29\sdk\bon\common\ComponentObj.h">
      <Filter>Header Files</Filter>
    </ClInclude>
    <ClInclude Include="%24%28GME_ROOT%29\sdk\bon\common\Console.h">
      <Filter>Header Files</Filter>
    </ClInclude>
    <ClInclude Include="%24%28GME_ROOT%29\sdk\bon\common\Formatter.h">
      <Filter>Header Files</Filter>
    </ClInclude>
    <ClInclude Include="%24%28GME_ROOT%29\sdk\bon\common\GMECOM.H">
      <Filter>Header Files</Filter>
    </ClInclude>
    <ClInclude Include="%24%28GME_ROOT%29\sdk\bon\common\targetver.h">
      <Filter>Header Files</Filter>
    </ClInclude>
    <ClInclude Include="..\..\..\..\..\..\Build\Win32\VC10\Gen\src\UML GME\Interpreter\Lattrib.hpp">
      <Filter>Header Files</Filter>
    </ClInclude>
    <ClInclude Include="..\..\..\..\..\..\Build\Win32\VC10\Gen\src\UML GME\Interpreter\Lcardin.hpp">
      <Filter>Header Files</Filter>
    </ClInclude>
    <ClInclude Include="..\..\..\..\..\..\Build\Win32\VC10\Gen\src\UML GME\Interpreter\Pattrib.hpp">
      <Filter>Header Files</Filter>
    </ClInclude>
    <ClInclude Include="..\..\..\..\..\..\Build\Win32\VC10\Gen\src\UML GME\Interpreter\PattribTokenTypes.hpp">
      <Filter>Header Files</Filter>
    </ClInclude>
    <ClInclude Include="..\..\..\..\..\..\Build\Win32\VC10\Gen\src\UML GME\Interpreter\Pcardin.hpp">
      <Filter>Header Files</Filter>
    </ClInclude>
    <ClInclude Include="..\..\..\..\..\..\Build\Win32\VC10\Gen\src\UML GME\Interpreter\PcardinTokenTypes.hpp">
      <Filter>Header Files</Filter>
    </ClInclude>
    <ClInclude Include="..\..\..\..\..\..\src\UML GME\Interpreter\AttributeObject.h">
      <Filter>Header Files</Filter>
    </ClInclude>
    <ClInclude Include="..\..\..\..\..\..\src\UML GME\Interpreter\BONComponent.h">
      <Filter>Header Files</Filter>
    </ClInclude>
    <ClInclude Include="..\..\..\..\..\..\src\UML GME\Interpreter\CardinalityObject.h">
      <Filter>Header Files</Filter>
    </ClInclude>
    <ClInclude Include="..\..\..\..\..\..\src\UML GME\Interpreter\ComponentConfig.h">
      <Filter>Header Files</Filter>
    </ClInclude>
    <ClInclude Include="..\..\..\..\..\..\src\UML GME\Interpreter\int_exception.h">
      <Filter>Header Files</Filter>
    </ClInclude>
    <ClInclude Include="..\..\..\..\..\..\src\UML GME\Interpreter\Resource.h">
      <Filter>Header Files</Filter>
    </ClInclude>
    <ClInclude Include="..\..\..\..\..\..\src\UML GME\Interpreter\StdAfx.h">
      <Filter>Header Files</Filter>
    </ClInclude>
  </ItemGroup>
  <ItemGroup>
    <CustomBuild Include="..\..\..\..\..\..\src\UML GME\Interpreter\attribute.g" />
    <CustomBuild Include="..\..\..\..\..\..\src\UML GME\Interpreter\cardinality.g" />
  </ItemGroup>
</Project>